// !$*UTF8*$!
{
	archiveVersion = 1;
	classes = {
	};
	objectVersion = 55;
	objects = {

/* Begin PBXBuildFile section */
		3319A2CA27BE35CD00448E64 /* HarbourFitnessApp.swift in Sources */ = {isa = PBXBuildFile; fileRef = 3319A2C927BE35CD00448E64 /* HarbourFitnessApp.swift */; };
		3319A2CC27BE35CD00448E64 /* ContentView.swift in Sources */ = {isa = PBXBuildFile; fileRef = 3319A2CB27BE35CD00448E64 /* ContentView.swift */; };
		3319A2CE27BE35CE00448E64 /* Assets.xcassets in Resources */ = {isa = PBXBuildFile; fileRef = 3319A2CD27BE35CE00448E64 /* Assets.xcassets */; };
		3319A2D127BE35CE00448E64 /* Preview Assets.xcassets in Resources */ = {isa = PBXBuildFile; fileRef = 3319A2D027BE35CE00448E64 /* Preview Assets.xcassets */; };
		3319A2D327BE35CE00448E64 /* Persistence.swift in Sources */ = {isa = PBXBuildFile; fileRef = 3319A2D227BE35CE00448E64 /* Persistence.swift */; };
		3319A2D627BE35CE00448E64 /* HarbourFitness.xcdatamodeld in Sources */ = {isa = PBXBuildFile; fileRef = 3319A2D427BE35CE00448E64 /* HarbourFitness.xcdatamodeld */; };
		3340FD1F285730EB00709BC6 /* WorkoutDetailView.swift in Sources */ = {isa = PBXBuildFile; fileRef = 3340FD1E285730EB00709BC6 /* WorkoutDetailView.swift */; };
		33C3472C27BFC049005B3645 /* Launch Screen.storyboard in Resources */ = {isa = PBXBuildFile; fileRef = 33C3472B27BFC049005B3645 /* Launch Screen.storyboard */; };
/* End PBXBuildFile section */

/* Begin PBXFileReference section */
		3319A2C627BE35CD00448E64 /* HarbourFitness.app */ = {isa = PBXFileReference; explicitFileType = wrapper.application; includeInIndex = 0; path = HarbourFitness.app; sourceTree = BUILT_PRODUCTS_DIR; };
		3319A2C927BE35CD00448E64 /* HarbourFitnessApp.swift */ = {isa = PBXFileReference; lastKnownFileType = sourcecode.swift; path = HarbourFitnessApp.swift; sourceTree = "<group>"; };
		3319A2CB27BE35CD00448E64 /* ContentView.swift */ = {isa = PBXFileReference; lastKnownFileType = sourcecode.swift; path = ContentView.swift; sourceTree = "<group>"; };
		3319A2CD27BE35CE00448E64 /* Assets.xcassets */ = {isa = PBXFileReference; lastKnownFileType = folder.assetcatalog; path = Assets.xcassets; sourceTree = "<group>"; };
		3319A2D027BE35CE00448E64 /* Preview Assets.xcassets */ = {isa = PBXFileReference; lastKnownFileType = folder.assetcatalog; path = "Preview Assets.xcassets"; sourceTree = "<group>"; };
		3319A2D227BE35CE00448E64 /* Persistence.swift */ = {isa = PBXFileReference; lastKnownFileType = sourcecode.swift; path = Persistence.swift; sourceTree = "<group>"; };
		3319A2D527BE35CE00448E64 /* HarbourFitness.xcdatamodel */ = {isa = PBXFileReference; lastKnownFileType = wrapper.xcdatamodel; path = HarbourFitness.xcdatamodel; sourceTree = "<group>"; };
		3340FD1E285730EB00709BC6 /* WorkoutDetailView.swift */ = {isa = PBXFileReference; lastKnownFileType = sourcecode.swift; path = WorkoutDetailView.swift; sourceTree = "<group>"; };
		33C3472B27BFC049005B3645 /* Launch Screen.storyboard */ = {isa = PBXFileReference; lastKnownFileType = file.storyboard; path = "Launch Screen.storyboard"; sourceTree = "<group>"; };
/* End PBXFileReference section */

/* Begin PBXFrameworksBuildPhase section */
		3319A2C327BE35CD00448E64 /* Frameworks */ = {
			isa = PBXFrameworksBuildPhase;
			buildActionMask = 2147483647;
			files = (
			);
			runOnlyForDeploymentPostprocessing = 0;
		};
/* End PBXFrameworksBuildPhase section */

/* Begin PBXGroup section */
		3319A2BD27BE35CD00448E64 = {
			isa = PBXGroup;
			children = (
				3319A2C827BE35CD00448E64 /* HarbourFitness */,
				3319A2C727BE35CD00448E64 /* Products */,
			);
			sourceTree = "<group>";
		};
		3319A2C727BE35CD00448E64 /* Products */ = {
			isa = PBXGroup;
			children = (
				3319A2C627BE35CD00448E64 /* HarbourFitness.app */,
			);
			name = Products;
			sourceTree = "<group>";
		};
		3319A2C827BE35CD00448E64 /* HarbourFitness */ = {
			isa = PBXGroup;
			children = (
				3319A2C927BE35CD00448E64 /* HarbourFitnessApp.swift */,
				3319A2CB27BE35CD00448E64 /* ContentView.swift */,
				3319A2CD27BE35CE00448E64 /* Assets.xcassets */,
				3319A2D227BE35CE00448E64 /* Persistence.swift */,
				3319A2D427BE35CE00448E64 /* HarbourFitness.xcdatamodeld */,
				3319A2CF27BE35CE00448E64 /* Preview Content */,
				33C3472B27BFC049005B3645 /* Launch Screen.storyboard */,
				3340FD1E285730EB00709BC6 /* WorkoutDetailView.swift */,
			);
			path = HarbourFitness;
			sourceTree = "<group>";
		};
		3319A2CF27BE35CE00448E64 /* Preview Content */ = {
			isa = PBXGroup;
			children = (
				3319A2D027BE35CE00448E64 /* Preview Assets.xcassets */,
			);
			path = "Preview Content";
			sourceTree = "<group>";
		};
/* End PBXGroup section */

/* Begin PBXNativeTarget section */
		3319A2C527BE35CD00448E64 /* HarbourFitness */ = {
			isa = PBXNativeTarget;
			buildConfigurationList = 3319A2D927BE35CE00448E64 /* Build configuration list for PBXNativeTarget "HarbourFitness" */;
			buildPhases = (
				3319A2C227BE35CD00448E64 /* Sources */,
				3319A2C327BE35CD00448E64 /* Frameworks */,
				3319A2C427BE35CD00448E64 /* Resources */,
			);
			buildRules = (
			);
			dependencies = (
			);
			name = HarbourFitness;
			productName = HarbourFitness;
			productReference = 3319A2C627BE35CD00448E64 /* HarbourFitness.app */;
			productType = "com.apple.product-type.application";
		};
/* End PBXNativeTarget section */

/* Begin PBXProject section */
		3319A2BE27BE35CD00448E64 /* Project object */ = {
			isa = PBXProject;
			attributes = {
				BuildIndependentTargetsInParallel = 1;
				LastSwiftUpdateCheck = 1320;
				LastUpgradeCheck = 1320;
				TargetAttributes = {
					3319A2C527BE35CD00448E64 = {
						CreatedOnToolsVersion = 13.2.1;
					};
				};
			};
			buildConfigurationList = 3319A2C127BE35CD00448E64 /* Build configuration list for PBXProject "HarbourFitness" */;
			compatibilityVersion = "Xcode 13.0";
			developmentRegion = en;
			hasScannedForEncodings = 0;
			knownRegions = (
				en,
				Base,
			);
			mainGroup = 3319A2BD27BE35CD00448E64;
			productRefGroup = 3319A2C727BE35CD00448E64 /* Products */;
			projectDirPath = "";
			projectRoot = "";
			targets = (
				3319A2C527BE35CD00448E64 /* HarbourFitness */,
			);
		};
/* End PBXProject section */

/* Begin PBXResourcesBuildPhase section */
		3319A2C427BE35CD00448E64 /* Resources */ = {
			isa = PBXResourcesBuildPhase;
			buildActionMask = 2147483647;
			files = (
				33C3472C27BFC049005B3645 /* Launch Screen.storyboard in Resources */,
				3319A2D127BE35CE00448E64 /* Preview Assets.xcassets in Resources */,
				3319A2CE27BE35CE00448E64 /* Assets.xcassets in Resources */,
			);
			runOnlyForDeploymentPostprocessing = 0;
		};
/* End PBXResourcesBuildPhase section */

/* Begin PBXSourcesBuildPhase section */
		3319A2C227BE35CD00448E64 /* Sources */ = {
			isa = PBXSourcesBuildPhase;
			buildActionMask = 2147483647;
			files = (
				3319A2D327BE35CE00448E64 /* Persistence.swift in Sources */,
				3340FD1F285730EB00709BC6 /* WorkoutDetailView.swift in Sources */,
				3319A2CC27BE35CD00448E64 /* ContentView.swift in Sources */,
				3319A2D627BE35CE00448E64 /* HarbourFitness.xcdatamodeld in Sources */,
				3319A2CA27BE35CD00448E64 /* HarbourFitnessApp.swift in Sources */,
			);
			runOnlyForDeploymentPostprocessing = 0;
		};
/* End PBXSourcesBuildPhase section */

/* Begin XCBuildConfiguration section */
		3319A2D727BE35CE00448E64 /* Debug */ = {
			isa = XCBuildConfiguration;
			buildSettings = {
				ALWAYS_SEARCH_USER_PATHS = NO;
				CLANG_ANALYZER_NONNULL = YES;
				CLANG_ANALYZER_NUMBER_OBJECT_CONVERSION = YES_AGGRESSIVE;
				CLANG_CXX_LANGUAGE_STANDARD = "gnu++17";
				CLANG_CXX_LIBRARY = "libc++";
				CLANG_ENABLE_MODULES = YES;
				CLANG_ENABLE_OBJC_ARC = YES;
				CLANG_ENABLE_OBJC_WEAK = YES;
				CLANG_WARN_BLOCK_CAPTURE_AUTORELEASING = YES;
				CLANG_WARN_BOOL_CONVERSION = YES;
				CLANG_WARN_COMMA = YES;
				CLANG_WARN_CONSTANT_CONVERSION = YES;
				CLANG_WARN_DEPRECATED_OBJC_IMPLEMENTATIONS = YES;
				CLANG_WARN_DIRECT_OBJC_ISA_USAGE = YES_ERROR;
				CLANG_WARN_DOCUMENTATION_COMMENTS = YES;
				CLANG_WARN_EMPTY_BODY = YES;
				CLANG_WARN_ENUM_CONVERSION = YES;
				CLANG_WARN_INFINITE_RECURSION = YES;
				CLANG_WARN_INT_CONVERSION = YES;
				CLANG_WARN_NON_LITERAL_NULL_CONVERSION = YES;
				CLANG_WARN_OBJC_IMPLICIT_RETAIN_SELF = YES;
				CLANG_WARN_OBJC_LITERAL_CONVERSION = YES;
				CLANG_WARN_OBJC_ROOT_CLASS = YES_ERROR;
				CLANG_WARN_QUOTED_INCLUDE_IN_FRAMEWORK_HEADER = YES;
				CLANG_WARN_RANGE_LOOP_ANALYSIS = YES;
				CLANG_WARN_STRICT_PROTOTYPES = YES;
				CLANG_WARN_SUSPICIOUS_MOVE = YES;
				CLANG_WARN_UNGUARDED_AVAILABILITY = YES_AGGRESSIVE;
				CLANG_WARN_UNREACHABLE_CODE = YES;
				CLANG_WARN__DUPLICATE_METHOD_MATCH = YES;
				COPY_PHASE_STRIP = NO;
				DEBUG_INFORMATION_FORMAT = dwarf;
				ENABLE_STRICT_OBJC_MSGSEND = YES;
				ENABLE_TESTABILITY = YES;
				GCC_C_LANGUAGE_STANDARD = gnu11;
				GCC_DYNAMIC_NO_PIC = NO;
				GCC_NO_COMMON_BLOCKS = YES;
				GCC_OPTIMIZATION_LEVEL = 0;
				GCC_PREPROCESSOR_DEFINITIONS = (
					"DEBUG=1",
					"$(inherited)",
				);
				GCC_WARN_64_TO_32_BIT_CONVERSION = YES;
				GCC_WARN_ABOUT_RETURN_TYPE = YES_ERROR;
				GCC_WARN_UNDECLARED_SELECTOR = YES;
				GCC_WARN_UNINITIALIZED_AUTOS = YES_AGGRESSIVE;
				GCC_WARN_UNUSED_FUNCTION = YES;
				GCC_WARN_UNUSED_VARIABLE = YES;
				IPHONEOS_DEPLOYMENT_TARGET = 15.2;
				MTL_ENABLE_DEBUG_INFO = INCLUDE_SOURCE;
				MTL_FAST_MATH = YES;
				ONLY_ACTIVE_ARCH = YES;
				SDKROOT = iphoneos;
				SWIFT_ACTIVE_COMPILATION_CONDITIONS = DEBUG;
				SWIFT_OPTIMIZATION_LEVEL = "-Onone";
			};
			name = Debug;
		};
		3319A2D827BE35CE00448E64 /* Release */ = {
			isa = XCBuildConfiguration;
			buildSettings = {
				ALWAYS_SEARCH_USER_PATHS = NO;
				CLANG_ANALYZER_NONNULL = YES;
				CLANG_ANALYZER_NUMBER_OBJECT_CONVERSION = YES_AGGRESSIVE;
				CLANG_CXX_LANGUAGE_STANDARD = "gnu++17";
				CLANG_CXX_LIBRARY = "libc++";
				CLANG_ENABLE_MODULES = YES;
				CLANG_ENABLE_OBJC_ARC = YES;
				CLANG_ENABLE_OBJC_WEAK = YES;
				CLANG_WARN_BLOCK_CAPTURE_AUTORELEASING = YES;
				CLANG_WARN_BOOL_CONVERSION = YES;
				CLANG_WARN_COMMA = YES;
				CLANG_WARN_CONSTANT_CONVERSION = YES;
				CLANG_WARN_DEPRECATED_OBJC_IMPLEMENTATIONS = YES;
				CLANG_WARN_DIRECT_OBJC_ISA_USAGE = YES_ERROR;
				CLANG_WARN_DOCUMENTATION_COMMENTS = YES;
				CLANG_WARN_EMPTY_BODY = YES;
				CLANG_WARN_ENUM_CONVERSION = YES;
				CLANG_WARN_INFINITE_RECURSION = YES;
				CLANG_WARN_INT_CONVERSION = YES;
				CLANG_WARN_NON_LITERAL_NULL_CONVERSION = YES;
				CLANG_WARN_OBJC_IMPLICIT_RETAIN_SELF = YES;
				CLANG_WARN_OBJC_LITERAL_CONVERSION = YES;
				CLANG_WARN_OBJC_ROOT_CLASS = YES_ERROR;
				CLANG_WARN_QUOTED_INCLUDE_IN_FRAMEWORK_HEADER = YES;
				CLANG_WARN_RANGE_LOOP_ANALYSIS = YES;
				CLANG_WARN_STRICT_PROTOTYPES = YES;
				CLANG_WARN_SUSPICIOUS_MOVE = YES;
				CLANG_WARN_UNGUARDED_AVAILABILITY = YES_AGGRESSIVE;
				CLANG_WARN_UNREACHABLE_CODE = YES;
				CLANG_WARN__DUPLICATE_METHOD_MATCH = YES;
				COPY_PHASE_STRIP = NO;
				DEBUG_INFORMATION_FORMAT = "dwarf-with-dsym";
				ENABLE_NS_ASSERTIONS = NO;
				ENABLE_STRICT_OBJC_MSGSEND = YES;
				GCC_C_LANGUAGE_STANDARD = gnu11;
				GCC_NO_COMMON_BLOCKS = YES;
				GCC_WARN_64_TO_32_BIT_CONVERSION = YES;
				GCC_WARN_ABOUT_RETURN_TYPE = YES_ERROR;
				GCC_WARN_UNDECLARED_SELECTOR = YES;
				GCC_WARN_UNINITIALIZED_AUTOS = YES_AGGRESSIVE;
				GCC_WARN_UNUSED_FUNCTION = YES;
				GCC_WARN_UNUSED_VARIABLE = YES;
				IPHONEOS_DEPLOYMENT_TARGET = 15.2;
				MTL_ENABLE_DEBUG_INFO = NO;
				MTL_FAST_MATH = YES;
				SDKROOT = iphoneos;
				SWIFT_COMPILATION_MODE = wholemodule;
				SWIFT_OPTIMIZATION_LEVEL = "-O";
				VALIDATE_PRODUCT = YES;
			};
			name = Release;
		};
		3319A2DA27BE35CE00448E64 /* Debug */ = {
			isa = XCBuildConfiguration;
			buildSettings = {
				ASSETCATALOG_COMPILER_APPICON_NAME = AppIcon;
				ASSETCATALOG_COMPILER_GLOBAL_ACCENT_COLOR_NAME = AccentColor;
				CODE_SIGN_STYLE = Automatic;
				CURRENT_PROJECT_VERSION = 1;
				DEVELOPMENT_ASSET_PATHS = "\"HarbourFitness/Preview Content\"";
				DEVELOPMENT_TEAM = BPUX5BGUS6;
				ENABLE_PREVIEWS = YES;
				GENERATE_INFOPLIST_FILE = YES;
				INFOPLIST_KEY_UIApplicationSceneManifest_Generation = YES;
				INFOPLIST_KEY_UIApplicationSupportsIndirectInputEvents = YES;
				INFOPLIST_KEY_UILaunchScreen_Generation = YES;
				INFOPLIST_KEY_UILaunchStoryboardName = "Launch Screen";
				INFOPLIST_KEY_UISupportedInterfaceOrientations_iPad = "UIInterfaceOrientationPortrait UIInterfaceOrientationPortraitUpsideDown UIInterfaceOrientationLandscapeLeft UIInterfaceOrientationLandscapeRight";
				INFOPLIST_KEY_UISupportedInterfaceOrientations_iPhone = "UIInterfaceOrientationPortrait UIInterfaceOrientationLandscapeLeft UIInterfaceOrientationLandscapeRight";
				LD_RUNPATH_SEARCH_PATHS = (
					"$(inherited)",
					"@executable_path/Frameworks",
				);
				MARKETING_VERSION = 1.0;
				PRODUCT_BUNDLE_IDENTIFIER = com.Myproject.HarbourFitness;
				PRODUCT_NAME = "$(TARGET_NAME)";
				SWIFT_EMIT_LOC_STRINGS = YES;
				SWIFT_VERSION = 5.0;
				TARGETED_DEVICE_FAMILY = "1,2";
			};
			name = Debug;
		};
		3319A2DB27BE35CE00448E64 /* Release */ = {
			isa = XCBuildConfiguration;
			buildSettings = {
				ASSETCATALOG_COMPILER_APPICON_NAME = AppIcon;
				ASSETCATALOG_COMPILER_GLOBAL_ACCENT_COLOR_NAME = AccentColor;
				CODE_SIGN_STYLE = Automatic;
				CURRENT_PROJECT_VERSION = 1;
				DEVELOPMENT_ASSET_PATHS = "\"HarbourFitness/Preview Content\"";
				DEVELOPMENT_TEAM = BPUX5BGUS6;
				ENABLE_PREVIEWS = YES;
				GENERATE_INFOPLIST_FILE = YES;
				INFOPLIST_KEY_UIApplicationSceneManifest_Generation = YES;
				INFOPLIST_KEY_UIApplicationSupportsIndirectInputEvents = YES;
				INFOPLIST_KEY_UILaunchScreen_Generation = YES;
				INFOPLIST_KEY_UILaunchStoryboardName = "Launch Screen";
				INFOPLIST_KEY_UISupportedInterfaceOrientations_iPad = "UIInterfaceOrientationPortrait UIInterfaceOrientationPortraitUpsideDown UIInterfaceOrientationLandscapeLeft UIInterfaceOrientationLandscapeRight";
				INFOPLIST_KEY_UISupportedInterfaceOrientations_iPhone = "UIInterfaceOrientationPortrait UIInterfaceOrientationLandscapeLeft UIInterfaceOrientationLandscapeRight";
				LD_RUNPATH_SEARCH_PATHS = (
					"$(inherited)",
					"@executable_path/Frameworks",
				);
				MARKETING_VERSION = 1.0;
				PRODUCT_BUNDLE_IDENTIFIER = com.Myproject.HarbourFitness;
				PRODUCT_NAME = "$(TARGET_NAME)";
				SWIFT_EMIT_LOC_STRINGS = YES;
				SWIFT_VERSION = 5.0;
				TARGETED_DEVICE_FAMILY = "1,2";
			};
			name = Release;
		};
/* End XCBuildConfiguration section */

/* Begin XCConfigurationList section */
		3319A2C127BE35CD00448E64 /* Build configuration list for PBXProject "HarbourFitness" */ = {
			isa = XCConfigurationList;
			buildConfigurations = (
				3319A2D727BE35CE00448E64 /* Debug */,
				3319A2D827BE35CE00448E64 /* Release */,
			);
			defaultConfigurationIsVisible = 0;
			defaultConfigurationName = Release;
		};
		3319A2D927BE35CE00448E64 /* Build configuration list for PBXNativeTarget "HarbourFitness" */ = {
			isa = XCConfigurationList;
			buildConfigurations = (
				3319A2DA27BE35CE00448E64 /* Debug */,
				3319A2DB27BE35CE00448E64 /* Release */,
			);
			defaultConfigurationIsVisible = 0;
			defaultConfigurationName = Release;
		};
/* End XCConfigurationList section */

/* Begin XCVersionGroup section */
		3319A2D427BE35CE00448E64 /* HarbourFitness.xcdatamodeld */ = {
			isa = XCVersionGroup;
			children = (
				3319A2D527BE35CE00448E64 /* HarbourFitness.xcdatamodel */,
			);
			currentVersion = 3319A2D527BE35CE00448E64 /* HarbourFitness.xcdatamodel */;
			path = HarbourFitness.xcdatamodeld;
			sourceTree = "<group>";
			versionGroupType = wrapper.xcdatamodel;
		};
/* End XCVersionGroup section */
	};
	rootObject = 3319A2BE27BE35CD00448E64 /* Project object */;
}
